
Microsoft Visual Studio Solution File, Format Version 12.00
# Visual Studio 15
VisualStudioVersion = 15.0.27428.2037
MinimumVisualStudioVersion = 10.0.40219.1
Project("{2150E333-8FDC-42A3-9474-1A3956D46DE8}") = "Solution Items", "Solution Items", "{577BC212-5C28-461D-B68D-62ADF5A4A72D}"
	ProjectSection(SolutionItems) = preProject
		StyleCop.ruleset = StyleCop.ruleset
	EndProjectSection
EndProject
Project("{9A19103F-16F7-4668-BE54-9A1E7A4F7556}") = "PayItForward.Data.Models", "PayItForward.Data.Models\PayItForward.Data.Models.csproj", "{01852944-B359-4D54-82DC-91B794FF14C8}"
EndProject
Project("{9A19103F-16F7-4668-BE54-9A1E7A4F7556}") = "PayItForward.Data", "PayItForward.Data\PayItForward.Data.csproj", "{0D7900AC-3856-47F0-BDEE-5180A9DC1FD7}"
EndProject
Project("{2150E333-8FDC-42A3-9474-1A3956D46DE8}") = "database", "database", "{8B843714-41F4-4F28-95A6-03B333D9FE91}"
	ProjectSection(SolutionItems) = preProject
		database\PayItForwardDatabaseDiagram.png = database\PayItForwardDatabaseDiagram.png
	EndProjectSection
EndProject
Project("{9A19103F-16F7-4668-BE54-9A1E7A4F7556}") = "PayItForward.ConsoleClient", "PayItForward.ConsoleClient\PayItForward.ConsoleClient.csproj", "{1C5D0582-EB03-4C7B-84F2-B04F4D659924}"
EndProject
Project("{9A19103F-16F7-4668-BE54-9A1E7A4F7556}") = "PayItForward.ConsoleClient.UnitTests", "PayItForward.ConsoleClient.UnitTests\PayItForward.ConsoleClient.UnitTests.csproj", "{7104A55A-F79A-413E-95E0-4FCC1A80A9D8}"
EndProject
Project("{9A19103F-16F7-4668-BE54-9A1E7A4F7556}") = "PayItForward.Common", "PayItForward.Common\PayItForward.Common.csproj", "{9AA893B7-BE1A-47C0-AAC3-F45330CAC915}"
EndProject
Project("{2150E333-8FDC-42A3-9474-1A3956D46DE8}") = "Web", "Web", "{092528D2-ADB7-470B-8112-F4F57363F01F}"
EndProject
Global
	GlobalSection(SolutionConfigurationPlatforms) = preSolution
		Debug|Any CPU = Debug|Any CPU
		Release|Any CPU = Release|Any CPU
	EndGlobalSection
	GlobalSection(ProjectConfigurationPlatforms) = postSolution
		{01852944-B359-4D54-82DC-91B794FF14C8}.Debug|Any CPU.ActiveCfg = Debug|Any CPU
		{01852944-B359-4D54-82DC-91B794FF14C8}.Debug|Any CPU.Build.0 = Debug|Any CPU
		{01852944-B359-4D54-82DC-91B794FF14C8}.Release|Any CPU.ActiveCfg = Release|Any CPU
		{01852944-B359-4D54-82DC-91B794FF14C8}.Release|Any CPU.Build.0 = Release|Any CPU
		{0D7900AC-3856-47F0-BDEE-5180A9DC1FD7}.Debug|Any CPU.ActiveCfg = Debug|Any CPU
		{0D7900AC-3856-47F0-BDEE-5180A9DC1FD7}.Debug|Any CPU.Build.0 = Debug|Any CPU
		{0D7900AC-3856-47F0-BDEE-5180A9DC1FD7}.Release|Any CPU.ActiveCfg = Release|Any CPU
		{0D7900AC-3856-47F0-BDEE-5180A9DC1FD7}.Release|Any CPU.Build.0 = Release|Any CPU
		{1C5D0582-EB03-4C7B-84F2-B04F4D659924}.Debug|Any CPU.ActiveCfg = Debug|Any CPU
		{1C5D0582-EB03-4C7B-84F2-B04F4D659924}.Debug|Any CPU.Build.0 = Debug|Any CPU
		{1C5D0582-EB03-4C7B-84F2-B04F4D659924}.Release|Any CPU.ActiveCfg = Release|Any CPU
		{1C5D0582-EB03-4C7B-84F2-B04F4D659924}.Release|Any CPU.Build.0 = Release|Any CPU
		{7104A55A-F79A-413E-95E0-4FCC1A80A9D8}.Debug|Any CPU.ActiveCfg = Debug|Any CPU
		{7104A55A-F79A-413E-95E0-4FCC1A80A9D8}.Debug|Any CPU.Build.0 = Debug|Any CPU
		{7104A55A-F79A-413E-95E0-4FCC1A80A9D8}.Release|Any CPU.ActiveCfg = Release|Any CPU
		{7104A55A-F79A-413E-95E0-4FCC1A80A9D8}.Release|Any CPU.Build.0 = Release|Any CPU
		{9AA893B7-BE1A-47C0-AAC3-F45330CAC915}.Debug|Any CPU.ActiveCfg = Debug|Any CPU
		{9AA893B7-BE1A-47C0-AAC3-F45330CAC915}.Debug|Any CPU.Build.0 = Debug|Any CPU
		{9AA893B7-BE1A-47C0-AAC3-F45330CAC915}.Release|Any CPU.ActiveCfg = Release|Any CPU
		{9AA893B7-BE1A-47C0-AAC3-F45330CAC915}.Release|Any CPU.Build.0 = Release|Any CPU
	EndGlobalSection
	GlobalSection(SolutionProperties) = preSolution
		HideSolutionNode = FALSE
	EndGlobalSection
	GlobalSection(NestedProjects) = preSolution
		{8B843714-41F4-4F28-95A6-03B333D9FE91} = {577BC212-5C28-461D-B68D-62ADF5A4A72D}
	EndGlobalSection
	GlobalSection(ExtensibilityGlobals) = postSolution
		SolutionGuid = {A1B81115-88DD-4FB7-A4AE-91F735B602E5}
	EndGlobalSection
EndGlobal
